// !$*UTF8*$!
{
	archiveVersion = 1;
	classes = {
	};
	objectVersion = 46;
	objects = {

/* Begin PBXGroup section */
		3D6CE1FF1C79EB48004CB9D2 = {
			isa = PBXGroup;
			children = (
			);
			sourceTree = "<group>";
		};
/* End PBXGroup section */

/* Begin PBXProject section */
		3D6CE2001C79EB48004CB9D2 /* Project object */ = {
			isa = PBXProject;
			attributes = {
				LastUpgradeCheck = 0730;
			};
			buildConfigurationList = 3D6CE2031C79EB48004CB9D2 /* Build configuration list for PBXProject "VelocimetroAutomovil" */;
			compatibilityVersion = "Xcode 3.2";
			developmentRegion = English;
			hasScannedForEncodings = 0;
			knownRegions = (
				en,
			);
			mainGroup = 3D6CE1FF1C79EB48004CB9D2;
			projectDirPath = "";
			projectRoot = "";
			targets = (
			);
		};
/* End PBXProject section */

/* Begin XCBuildConfiguration section */
		3D6CE2041C79EB48004CB9D2 /* Debug */ = {
			isa = XCBuildConfiguration;
			buildSettings = {
			};
			name = Debug;
		};
		3D6CE2051C79EB48004CB9D2 /* Release */ = {
			isa = XCBuildConfiguration;
			buildSettings = {
			};
			name = Release;
		};
/* End XCBuildConfiguration section */

/* Begin XCConfigurationList section */
		3D6CE2031C79EB48004CB9D2 /* Build configuration list for PBXProject "VelocimetroAutomovil" */ = {
			isa = XCConfigurationList;
			buildConfigurations = (
				3D6CE2041C79EB48004CB9D2 /* Debug */,
				3D6CE2051C79EB48004CB9D2 /* Release */,
			);
			defaultConfigurationIsVisible = 0;
			defaultConfigurationName = Release;
		};
/* End XCConfigurationList section */
	};
	rootObject = 3D6CE2001C79EB48004CB9D2 /* Project object */;
}
